{
    "_meta": {
        "hash": {
            "sha256": "5d4c710f9e23d714dd7866a4a77a12debfa5e92b2e81dc0ea9d9f3039eb67d7d"
        },
        "pipfile-spec": 6,
        "requires": {
            "python_version": "3.7"
        },
        "sources": [
            {
                "name": "pypi",
                "url": "https://pypi.org/simple",
                "verify_ssl": true
            }
        ]
    },
    "default": {
        "bash": {
            "hashes": [
                "sha256:2f79cb477d2763e6a24ca89314daef03b4cd899e02acec2635c95ea942736c68"
            ],
            "index": "pypi",
            "version": "==0.6"
        }
    },
    "develop": {}
}
